
Microsoft Visual Studio Solution File, Format Version 12.00
# Visual Studio Version 16
VisualStudioVersion = 16.0.29519.161
MinimumVisualStudioVersion = 10.0.40219.1
Project("{FAE04EC0-301F-11D3-BF4B-00C04F79EFBC}") = "Swordfish.NET.Charts", "Swordfish.NET.Charts\Swordfish.NET.Charts.csproj", "{3E3EBC9F-2CAD-45FA-963E-D866A7830872}"
EndProject
Project("{FAE04EC0-301F-11D3-BF4B-00C04F79EFBC}") = "Swordfish.NET.ChartsD2D", "Swordfish.NET.ChartsD2D\Swordfish.NET.ChartsD2D.csproj", "{972BE99A-CC98-48C3-ACBE-1EDD34080DEC}"
EndProject
Project("{FAE04EC0-301F-11D3-BF4B-00C04F79EFBC}") = "Swordfish.NET", "Swordfish.NET\Swordfish.NET.csproj", "{5114AC1B-73CE-413C-9B46-D569EF00233B}"
EndProject
Global
	GlobalSection(SolutionConfigurationPlatforms) = preSolution
		Debug|Any CPU = Debug|Any CPU
		Release|Any CPU = Release|Any CPU
	EndGlobalSection
	GlobalSection(ProjectConfigurationPlatforms) = postSolution
		{3E3EBC9F-2CAD-45FA-963E-D866A7830872}.Debug|Any CPU.ActiveCfg = Debug|Any CPU
		{3E3EBC9F-2CAD-45FA-963E-D866A7830872}.Debug|Any CPU.Build.0 = Debug|Any CPU
		{3E3EBC9F-2CAD-45FA-963E-D866A7830872}.Release|Any CPU.ActiveCfg = Release|Any CPU
		{3E3EBC9F-2CAD-45FA-963E-D866A7830872}.Release|Any CPU.Build.0 = Release|Any CPU
		{972BE99A-CC98-48C3-ACBE-1EDD34080DEC}.Debug|Any CPU.ActiveCfg = Debug|Any CPU
		{972BE99A-CC98-48C3-ACBE-1EDD34080DEC}.Debug|Any CPU.Build.0 = Debug|Any CPU
		{972BE99A-CC98-48C3-ACBE-1EDD34080DEC}.Release|Any CPU.ActiveCfg = Release|Any CPU
		{972BE99A-CC98-48C3-ACBE-1EDD34080DEC}.Release|Any CPU.Build.0 = Release|Any CPU
		{5114AC1B-73CE-413C-9B46-D569EF00233B}.Debug|Any CPU.ActiveCfg = Debug|Any CPU
		{5114AC1B-73CE-413C-9B46-D569EF00233B}.Debug|Any CPU.Build.0 = Debug|Any CPU
		{5114AC1B-73CE-413C-9B46-D569EF00233B}.Release|Any CPU.ActiveCfg = Release|Any CPU
		{5114AC1B-73CE-413C-9B46-D569EF00233B}.Release|Any CPU.Build.0 = Release|Any CPU
	EndGlobalSection
	GlobalSection(SolutionProperties) = preSolution
		HideSolutionNode = FALSE
	EndGlobalSection
	GlobalSection(ExtensibilityGlobals) = postSolution
		SolutionGuid = {DE169FB8-F479-4D96-B85F-C6D5B9E669A4}
	EndGlobalSection
EndGlobal
